
Microsoft Visual Studio Solution File, Format Version 12.00
# Visual Studio Version 17
VisualStudioVersion = 17.4.33213.308
MinimumVisualStudioVersion = 10.0.40219.1
Project("{9A19103F-16F7-4668-BE54-9A1E7A4F7556}") = "ProjectsMicroservice", "ProjectsMicroservice\ProjectsMicroservice.csproj", "{CDF28BCC-6249-4BED-BD94-B141B1851410}"
EndProject
Project("{9A19103F-16F7-4668-BE54-9A1E7A4F7556}") = "Common", "Common\Common.csproj", "{1C0273E0-028E-419E-9A87-BD81A616542B}"
EndProject
Project("{9A19103F-16F7-4668-BE54-9A1E7A4F7556}") = "RisksMicroservice", "RisksMicroservice\RisksMicroservice.csproj", "{65A20FD7-6290-4374-A5A1-414E892E6006}"
EndProject
Project("{9A19103F-16F7-4668-BE54-9A1E7A4F7556}") = "RiskTemplatesMicroservice", "RiskTemplatesMicroservice\RiskTemplatesMicroservice.csproj", "{273240AB-5AE7-4366-BB54-6B5A2F8A025E}"
EndProject
Project("{9A19103F-16F7-4668-BE54-9A1E7A4F7556}") = "OpportunitiesMicroservice", "OpportunitiesMicroservice\OpportunitiesMicroservice.csproj", "{54A6A65B-493B-44A5-9118-0483DFF1B370}"
EndProject
Project("{9A19103F-16F7-4668-BE54-9A1E7A4F7556}") = "ProjectPhasesMicroservice", "ProjectPhasesMicroservice\ProjectPhasesMicroservice.csproj", "{7B7D4427-AAFB-4776-9AEF-282BBA37FF31}"
EndProject
Project("{9A19103F-16F7-4668-BE54-9A1E7A4F7556}") = "Common.NUnit", "Common.NUnit\Common.NUnit.csproj", "{8D2E6AA4-324A-4623-957E-4B101BF62CD7}"
EndProject
Project("{9A19103F-16F7-4668-BE54-9A1E7A4F7556}") = "ApiGateway", "ApiGateway\ApiGateway.csproj", "{2A9D923A-719C-4B50-871F-3B635ED3B9BE}"
EndProject
Project("{9A19103F-16F7-4668-BE54-9A1E7A4F7556}") = "EmployeesMicroservice", "EmployeesMicroservice\EmployeesMicroservice.csproj", "{0B46B62E-7885-4744-9C74-B59EDF0AF7CD}"
EndProject
Global
	GlobalSection(SolutionConfigurationPlatforms) = preSolution
		Debug|Any CPU = Debug|Any CPU
		Release|Any CPU = Release|Any CPU
	EndGlobalSection
	GlobalSection(ProjectConfigurationPlatforms) = postSolution
		{CDF28BCC-6249-4BED-BD94-B141B1851410}.Debug|Any CPU.ActiveCfg = Debug|Any CPU
		{CDF28BCC-6249-4BED-BD94-B141B1851410}.Debug|Any CPU.Build.0 = Debug|Any CPU
		{CDF28BCC-6249-4BED-BD94-B141B1851410}.Release|Any CPU.ActiveCfg = Release|Any CPU
		{CDF28BCC-6249-4BED-BD94-B141B1851410}.Release|Any CPU.Build.0 = Release|Any CPU
		{1C0273E0-028E-419E-9A87-BD81A616542B}.Debug|Any CPU.ActiveCfg = Debug|Any CPU
		{1C0273E0-028E-419E-9A87-BD81A616542B}.Debug|Any CPU.Build.0 = Debug|Any CPU
		{1C0273E0-028E-419E-9A87-BD81A616542B}.Release|Any CPU.ActiveCfg = Release|Any CPU
		{1C0273E0-028E-419E-9A87-BD81A616542B}.Release|Any CPU.Build.0 = Release|Any CPU
		{65A20FD7-6290-4374-A5A1-414E892E6006}.Debug|Any CPU.ActiveCfg = Debug|Any CPU
		{65A20FD7-6290-4374-A5A1-414E892E6006}.Debug|Any CPU.Build.0 = Debug|Any CPU
		{65A20FD7-6290-4374-A5A1-414E892E6006}.Release|Any CPU.ActiveCfg = Release|Any CPU
		{65A20FD7-6290-4374-A5A1-414E892E6006}.Release|Any CPU.Build.0 = Release|Any CPU
		{273240AB-5AE7-4366-BB54-6B5A2F8A025E}.Debug|Any CPU.ActiveCfg = Debug|Any CPU
		{273240AB-5AE7-4366-BB54-6B5A2F8A025E}.Debug|Any CPU.Build.0 = Debug|Any CPU
		{273240AB-5AE7-4366-BB54-6B5A2F8A025E}.Release|Any CPU.ActiveCfg = Release|Any CPU
		{273240AB-5AE7-4366-BB54-6B5A2F8A025E}.Release|Any CPU.Build.0 = Release|Any CPU
		{54A6A65B-493B-44A5-9118-0483DFF1B370}.Debug|Any CPU.ActiveCfg = Debug|Any CPU
		{54A6A65B-493B-44A5-9118-0483DFF1B370}.Debug|Any CPU.Build.0 = Debug|Any CPU
		{54A6A65B-493B-44A5-9118-0483DFF1B370}.Release|Any CPU.ActiveCfg = Release|Any CPU
		{54A6A65B-493B-44A5-9118-0483DFF1B370}.Release|Any CPU.Build.0 = Release|Any CPU
		{7B7D4427-AAFB-4776-9AEF-282BBA37FF31}.Debug|Any CPU.ActiveCfg = Debug|Any CPU
		{7B7D4427-AAFB-4776-9AEF-282BBA37FF31}.Debug|Any CPU.Build.0 = Debug|Any CPU
		{7B7D4427-AAFB-4776-9AEF-282BBA37FF31}.Release|Any CPU.ActiveCfg = Release|Any CPU
		{7B7D4427-AAFB-4776-9AEF-282BBA37FF31}.Release|Any CPU.Build.0 = Release|Any CPU
		{8D2E6AA4-324A-4623-957E-4B101BF62CD7}.Debug|Any CPU.ActiveCfg = Debug|Any CPU
		{8D2E6AA4-324A-4623-957E-4B101BF62CD7}.Debug|Any CPU.Build.0 = Debug|Any CPU
		{8D2E6AA4-324A-4623-957E-4B101BF62CD7}.Release|Any CPU.ActiveCfg = Release|Any CPU
		{8D2E6AA4-324A-4623-957E-4B101BF62CD7}.Release|Any CPU.Build.0 = Release|Any CPU
		{2A9D923A-719C-4B50-871F-3B635ED3B9BE}.Debug|Any CPU.ActiveCfg = Debug|Any CPU
		{2A9D923A-719C-4B50-871F-3B635ED3B9BE}.Debug|Any CPU.Build.0 = Debug|Any CPU
		{2A9D923A-719C-4B50-871F-3B635ED3B9BE}.Release|Any CPU.ActiveCfg = Release|Any CPU
		{2A9D923A-719C-4B50-871F-3B635ED3B9BE}.Release|Any CPU.Build.0 = Release|Any CPU
		{0B46B62E-7885-4744-9C74-B59EDF0AF7CD}.Debug|Any CPU.ActiveCfg = Debug|Any CPU
		{0B46B62E-7885-4744-9C74-B59EDF0AF7CD}.Debug|Any CPU.Build.0 = Debug|Any CPU
		{0B46B62E-7885-4744-9C74-B59EDF0AF7CD}.Release|Any CPU.ActiveCfg = Release|Any CPU
		{0B46B62E-7885-4744-9C74-B59EDF0AF7CD}.Release|Any CPU.Build.0 = Release|Any CPU
	EndGlobalSection
	GlobalSection(SolutionProperties) = preSolution
		HideSolutionNode = FALSE
	EndGlobalSection
	GlobalSection(ExtensibilityGlobals) = postSolution
		SolutionGuid = {7ED0FE5E-2C88-480A-9B5E-B98DC0C04B0C}
	EndGlobalSection
EndGlobal
